
Microsoft Visual Studio Solution File, Format Version 12.00
# Visual Studio Version 17
VisualStudioVersion = 17.9.34723.18
MinimumVisualStudioVersion = 10.0.40219.1
Project("{FAE04EC0-301F-11D3-BF4B-00C04F79EFBC}") = "TZWDotNetTrainingBatch4ConsoleApp", "TZWDotNetTrainingBatch4ConsoleApp\TZWDotNetTrainingBatch4ConsoleApp.csproj", "{F501787B-C6F8-48EF-80A2-E3A203139AB6}"
EndProject
Global
	GlobalSection(SolutionConfigurationPlatforms) = preSolution
		Debug|Any CPU = Debug|Any CPU
		Release|Any CPU = Release|Any CPU
	EndGlobalSection
	GlobalSection(ProjectConfigurationPlatforms) = postSolution
		{F501787B-C6F8-48EF-80A2-E3A203139AB6}.Debug|Any CPU.ActiveCfg = Debug|Any CPU
		{F501787B-C6F8-48EF-80A2-E3A203139AB6}.Debug|Any CPU.Build.0 = Debug|Any CPU
		{F501787B-C6F8-48EF-80A2-E3A203139AB6}.Release|Any CPU.ActiveCfg = Release|Any CPU
		{F501787B-C6F8-48EF-80A2-E3A203139AB6}.Release|Any CPU.Build.0 = Release|Any CPU
	EndGlobalSection
	GlobalSection(SolutionProperties) = preSolution
		HideSolutionNode = FALSE
	EndGlobalSection
	GlobalSection(ExtensibilityGlobals) = postSolution
		SolutionGuid = {935D3026-44E2-4EA2-87F2-0B8937F7B7DC}
	EndGlobalSection
EndGlobal
